
Microsoft Visual Studio Solution File, Format Version 12.00
# Visual Studio Version 17
VisualStudioVersion = 17.0.32014.148
MinimumVisualStudioVersion = 10.0.40219.1
Project("{FAE04EC0-301F-11D3-BF4B-00C04F79EFBC}") = "Store_management_system", "Store_management_system\Store_management_system.csproj", "{D1ACE1C3-63F5-430F-A31E-69350D0F7902}"
EndProject
Project("{54435603-DBB4-11D2-8724-00A0C9A8B90C}") = "sms_setup", "sms_setup\sms_setup.vdproj", "{B7697A3A-9747-4CE4-AB73-EBA0AFDF52BE}"
EndProject
Global
	GlobalSection(SolutionConfigurationPlatforms) = preSolution
		Debug|Any CPU = Debug|Any CPU
		Release|Any CPU = Release|Any CPU
	EndGlobalSection
	GlobalSection(ProjectConfigurationPlatforms) = postSolution
		{D1ACE1C3-63F5-430F-A31E-69350D0F7902}.Debug|Any CPU.ActiveCfg = Debug|Any CPU
		{D1ACE1C3-63F5-430F-A31E-69350D0F7902}.Debug|Any CPU.Build.0 = Debug|Any CPU
		{D1ACE1C3-63F5-430F-A31E-69350D0F7902}.Release|Any CPU.ActiveCfg = Release|Any CPU
		{D1ACE1C3-63F5-430F-A31E-69350D0F7902}.Release|Any CPU.Build.0 = Release|Any CPU
		{B7697A3A-9747-4CE4-AB73-EBA0AFDF52BE}.Debug|Any CPU.ActiveCfg = Debug
		{B7697A3A-9747-4CE4-AB73-EBA0AFDF52BE}.Release|Any CPU.ActiveCfg = Release
	EndGlobalSection
	GlobalSection(SolutionProperties) = preSolution
		HideSolutionNode = FALSE
	EndGlobalSection
	GlobalSection(ExtensibilityGlobals) = postSolution
		SolutionGuid = {F91EB84C-9329-4E8B-B008-FA1D29E2ED20}
	EndGlobalSection
EndGlobal
